
Microsoft Visual Studio Solution File, Format Version 12.00
# Visual Studio Version 17
VisualStudioVersion = 17.13.35919.96 d17.13
MinimumVisualStudioVersion = 10.0.40219.1
Project("{FAE04EC0-301F-11D3-BF4B-00C04F79EFBC}") = "ToDoLists", "ToDoLists\ToDoLists.csproj", "{5E02BDB0-C923-4658-9F00-27D0671C7A7A}"
EndProject
Global
	GlobalSection(SolutionConfigurationPlatforms) = preSolution
		Debug|Any CPU = Debug|Any CPU
		Release|Any CPU = Release|Any CPU
	EndGlobalSection
	GlobalSection(ProjectConfigurationPlatforms) = postSolution
		{5E02BDB0-C923-4658-9F00-27D0671C7A7A}.Debug|Any CPU.ActiveCfg = Debug|Any CPU
		{5E02BDB0-C923-4658-9F00-27D0671C7A7A}.Debug|Any CPU.Build.0 = Debug|Any CPU
		{5E02BDB0-C923-4658-9F00-27D0671C7A7A}.Release|Any CPU.ActiveCfg = Release|Any CPU
		{5E02BDB0-C923-4658-9F00-27D0671C7A7A}.Release|Any CPU.Build.0 = Release|Any CPU
	EndGlobalSection
	GlobalSection(SolutionProperties) = preSolution
		HideSolutionNode = FALSE
	EndGlobalSection
	GlobalSection(ExtensibilityGlobals) = postSolution
		SolutionGuid = {6B912598-DA73-4055-9D10-06AE86F22BB4}
	EndGlobalSection
EndGlobal
